
Microsoft Visual Studio Solution File, Format Version 12.00
# Visual Studio Version 16
VisualStudioVersion = 16.0.31829.152
MinimumVisualStudioVersion = 10.0.40219.1
Project("{FAE04EC0-301F-11D3-BF4B-00C04F79EFBC}") = "WOL", "WOL.csproj", "{966C8D3B-0ED5-428A-932F-DC741DC07771}"
EndProject
Global
	GlobalSection(SolutionConfigurationPlatforms) = preSolution
		Debug|Any CPU = Debug|Any CPU
		Release|Any CPU = Release|Any CPU
	EndGlobalSection
	GlobalSection(ProjectConfigurationPlatforms) = postSolution
		{966C8D3B-0ED5-428A-932F-DC741DC07771}.Debug|Any CPU.ActiveCfg = Debug|Any CPU
		{966C8D3B-0ED5-428A-932F-DC741DC07771}.Debug|Any CPU.Build.0 = Debug|Any CPU
		{966C8D3B-0ED5-428A-932F-DC741DC07771}.Release|Any CPU.ActiveCfg = Release|Any CPU
		{966C8D3B-0ED5-428A-932F-DC741DC07771}.Release|Any CPU.Build.0 = Release|Any CPU
	EndGlobalSection
	GlobalSection(SolutionProperties) = preSolution
		HideSolutionNode = FALSE
	EndGlobalSection
	GlobalSection(ExtensibilityGlobals) = postSolution
		SolutionGuid = {1A6B3596-18A4-4431-B8E9-DE76B35CB880}
	EndGlobalSection
EndGlobal
